
Microsoft Visual Studio Solution File, Format Version 12.00
# Visual Studio Version 17
VisualStudioVersion = 17.4.33205.214
MinimumVisualStudioVersion = 10.0.40219.1
Project("{FAE04EC0-301F-11D3-BF4B-00C04F79EFBC}") = "Entities", "Entities\Entities.csproj", "{636D6BAD-403B-4EB2-9970-C2FB59C49167}"
EndProject
Project("{FAE04EC0-301F-11D3-BF4B-00C04F79EFBC}") = "DataAccess", "DataAccess\DataAccess.csproj", "{1A97A641-A37D-4E61-801E-8E5F69868150}"
EndProject
Project("{FAE04EC0-301F-11D3-BF4B-00C04F79EFBC}") = "Business", "Bussiness\Business.csproj", "{D5BE87B6-9541-4BE6-8D9E-3BD08E6536D6}"
EndProject
Project("{FAE04EC0-301F-11D3-BF4B-00C04F79EFBC}") = "Core", "Core\Core.csproj", "{E6DD8349-4E41-400A-B34A-65F1C8AECFA1}"
EndProject
Project("{FAE04EC0-301F-11D3-BF4B-00C04F79EFBC}") = "WebAPI", "WebAPI\WebAPI.csproj", "{CFA6D9DF-2D50-41DD-AB79-B315933E9AC2}"
EndProject
Global
	GlobalSection(SolutionConfigurationPlatforms) = preSolution
		Debug|Any CPU = Debug|Any CPU
		Release|Any CPU = Release|Any CPU
	EndGlobalSection
	GlobalSection(ProjectConfigurationPlatforms) = postSolution
		{636D6BAD-403B-4EB2-9970-C2FB59C49167}.Debug|Any CPU.ActiveCfg = Debug|Any CPU
		{636D6BAD-403B-4EB2-9970-C2FB59C49167}.Debug|Any CPU.Build.0 = Debug|Any CPU
		{636D6BAD-403B-4EB2-9970-C2FB59C49167}.Release|Any CPU.ActiveCfg = Release|Any CPU
		{636D6BAD-403B-4EB2-9970-C2FB59C49167}.Release|Any CPU.Build.0 = Release|Any CPU
		{1A97A641-A37D-4E61-801E-8E5F69868150}.Debug|Any CPU.ActiveCfg = Debug|Any CPU
		{1A97A641-A37D-4E61-801E-8E5F69868150}.Debug|Any CPU.Build.0 = Debug|Any CPU
		{1A97A641-A37D-4E61-801E-8E5F69868150}.Release|Any CPU.ActiveCfg = Release|Any CPU
		{1A97A641-A37D-4E61-801E-8E5F69868150}.Release|Any CPU.Build.0 = Release|Any CPU
		{D5BE87B6-9541-4BE6-8D9E-3BD08E6536D6}.Debug|Any CPU.ActiveCfg = Debug|Any CPU
		{D5BE87B6-9541-4BE6-8D9E-3BD08E6536D6}.Debug|Any CPU.Build.0 = Debug|Any CPU
		{D5BE87B6-9541-4BE6-8D9E-3BD08E6536D6}.Release|Any CPU.ActiveCfg = Release|Any CPU
		{D5BE87B6-9541-4BE6-8D9E-3BD08E6536D6}.Release|Any CPU.Build.0 = Release|Any CPU
		{E6DD8349-4E41-400A-B34A-65F1C8AECFA1}.Debug|Any CPU.ActiveCfg = Debug|Any CPU
		{E6DD8349-4E41-400A-B34A-65F1C8AECFA1}.Debug|Any CPU.Build.0 = Debug|Any CPU
		{E6DD8349-4E41-400A-B34A-65F1C8AECFA1}.Release|Any CPU.ActiveCfg = Release|Any CPU
		{E6DD8349-4E41-400A-B34A-65F1C8AECFA1}.Release|Any CPU.Build.0 = Release|Any CPU
		{CFA6D9DF-2D50-41DD-AB79-B315933E9AC2}.Debug|Any CPU.ActiveCfg = Debug|Any CPU
		{CFA6D9DF-2D50-41DD-AB79-B315933E9AC2}.Debug|Any CPU.Build.0 = Debug|Any CPU
		{CFA6D9DF-2D50-41DD-AB79-B315933E9AC2}.Release|Any CPU.ActiveCfg = Release|Any CPU
		{CFA6D9DF-2D50-41DD-AB79-B315933E9AC2}.Release|Any CPU.Build.0 = Release|Any CPU
	EndGlobalSection
	GlobalSection(SolutionProperties) = preSolution
		HideSolutionNode = FALSE
	EndGlobalSection
	GlobalSection(ExtensibilityGlobals) = postSolution
		SolutionGuid = {54F6E52A-E33E-42A1-B73E-C01F6E506DA2}
	EndGlobalSection
EndGlobal
